
Microsoft Visual Studio Solution File, Format Version 12.00
# Visual Studio Version 17
VisualStudioVersion = 17.13.36105.23
MinimumVisualStudioVersion = 10.0.40219.1
Project("{FAE04EC0-301F-11D3-BF4B-00C04F79EFBC}") = "Ejercicio1", "Ejercicio1\Ejercicio1.csproj", "{2788F548-C1F1-477E-A797-6C1AFA7DEB78}"
EndProject
Global
	GlobalSection(SolutionConfigurationPlatforms) = preSolution
		Debug|Any CPU = Debug|Any CPU
		Release|Any CPU = Release|Any CPU
	EndGlobalSection
	GlobalSection(ProjectConfigurationPlatforms) = postSolution
		{2788F548-C1F1-477E-A797-6C1AFA7DEB78}.Debug|Any CPU.ActiveCfg = Debug|Any CPU
		{2788F548-C1F1-477E-A797-6C1AFA7DEB78}.Debug|Any CPU.Build.0 = Debug|Any CPU
		{2788F548-C1F1-477E-A797-6C1AFA7DEB78}.Release|Any CPU.ActiveCfg = Release|Any CPU
		{2788F548-C1F1-477E-A797-6C1AFA7DEB78}.Release|Any CPU.Build.0 = Release|Any CPU
	EndGlobalSection
	GlobalSection(SolutionProperties) = preSolution
		HideSolutionNode = FALSE
	EndGlobalSection
	GlobalSection(ExtensibilityGlobals) = postSolution
		SolutionGuid = {87C3F63D-CFE5-48C2-9838-3D3E3EC78C1D}
	EndGlobalSection
EndGlobal
